
Microsoft Visual Studio Solution File, Format Version 12.00
# Visual Studio Version 17
VisualStudioVersion = 17.4.33122.133
MinimumVisualStudioVersion = 10.0.40219.1
Project("{FAE04EC0-301F-11D3-BF4B-00C04F79EFBC}") = "Homework 5 Classes", "Homework 5 Classes\Homework 5 Classes.csproj", "{3B9A0736-B6D2-4EC5-A41C-41D16B151440}"
EndProject
Global
	GlobalSection(SolutionConfigurationPlatforms) = preSolution
		Debug|Any CPU = Debug|Any CPU
		Release|Any CPU = Release|Any CPU
	EndGlobalSection
	GlobalSection(ProjectConfigurationPlatforms) = postSolution
		{3B9A0736-B6D2-4EC5-A41C-41D16B151440}.Debug|Any CPU.ActiveCfg = Debug|Any CPU
		{3B9A0736-B6D2-4EC5-A41C-41D16B151440}.Debug|Any CPU.Build.0 = Debug|Any CPU
		{3B9A0736-B6D2-4EC5-A41C-41D16B151440}.Release|Any CPU.ActiveCfg = Release|Any CPU
		{3B9A0736-B6D2-4EC5-A41C-41D16B151440}.Release|Any CPU.Build.0 = Release|Any CPU
	EndGlobalSection
	GlobalSection(SolutionProperties) = preSolution
		HideSolutionNode = FALSE
	EndGlobalSection
	GlobalSection(ExtensibilityGlobals) = postSolution
		SolutionGuid = {57851979-5FCA-4AEB-9017-029234E0143C}
	EndGlobalSection
EndGlobal
